
Microsoft Visual Studio Solution File, Format Version 12.00
# Visual Studio Version 17
VisualStudioVersion = 17.12.35514.174
MinimumVisualStudioVersion = 10.0.40219.1
Project("{2150E333-8FDC-42A3-9474-1A3956D46DE8}") = "src", "src", "{5C21789B-B5E2-4A04-92A7-5FD0E52F3C17}"
EndProject
Project("{2150E333-8FDC-42A3-9474-1A3956D46DE8}") = "Frameworks", "Frameworks", "{65A1C6F3-27E4-4B33-A69C-5A873BC87E22}"
EndProject
Project("{2150E333-8FDC-42A3-9474-1A3956D46DE8}") = "Modules", "Modules", "{1B59FF55-71AC-45B4-A4E7-8E3873F0CD16}"
EndProject
Project("{2150E333-8FDC-42A3-9474-1A3956D46DE8}") = "Shared", "Shared", "{B64F01E4-CAA4-4F0C-B1FF-3913B4B0C58B}"
EndProject
Project("{FAE04EC0-301F-11D3-BF4B-00C04F79EFBC}") = "Framework.Packages", "Framework.Packages\Framework.Packages.csproj", "{D9AA31F5-B4A9-4F57-8C0C-9055D438055C}"
EndProject
Project("{FAE04EC0-301F-11D3-BF4B-00C04F79EFBC}") = "Models.Shared", "Models.Shared\Models.Shared.csproj", "{BEA3149E-0964-46A1-9F4E-F93A919BE007}"
EndProject
Project("{FAE04EC0-301F-11D3-BF4B-00C04F79EFBC}") = "Utility.Shared", "Utility.Shared\Utility.Shared.csproj", "{11B8E3D1-7D0B-4D62-8EE8-D454058729A7}"
EndProject
Project("{FAE04EC0-301F-11D3-BF4B-00C04F79EFBC}") = "Frameworks.Aspnetcore.Library", "Frameworks.Aspnetcore.Library\Frameworks.Aspnetcore.Library.csproj", "{6FF5C437-DD79-4174-ADCA-148FF4D3A8FF}"
EndProject
Project("{2150E333-8FDC-42A3-9474-1A3956D46DE8}") = "Models", "Models", "{1BCB5C0B-E2D2-4892-B2B5-7F92CA9E3416}"
EndProject
Project("{2150E333-8FDC-42A3-9474-1A3956D46DE8}") = "Utility", "Utility", "{6273EA4F-B3CC-4839-A132-2DE20C784070}"
EndProject
Project("{2150E333-8FDC-42A3-9474-1A3956D46DE8}") = "Packages", "Packages", "{A26FF7F1-E9B1-4B5C-82E2-86D7B3034F0D}"
EndProject
Project("{2150E333-8FDC-42A3-9474-1A3956D46DE8}") = "AspnetService", "AspnetService", "{49BE9D95-646D-436D-BB42-6F5A2874A0E8}"
EndProject
Project("{2150E333-8FDC-42A3-9474-1A3956D46DE8}") = "HostApi", "HostApi", "{FD76122B-A8B9-4746-B2C7-F8DEFC7077E3}"
EndProject
Project("{FAE04EC0-301F-11D3-BF4B-00C04F79EFBC}") = "Host.Api", "Host.Api\Host.Api.csproj", "{94D80E38-D06A-4AA7-8734-0EFE246AEA31}"
EndProject
Project("{2150E333-8FDC-42A3-9474-1A3956D46DE8}") = "MessageContracts", "MessageContracts", "{67A567DB-816F-45FA-89EF-C2546ECE2388}"
EndProject
Project("{FAE04EC0-301F-11D3-BF4B-00C04F79EFBC}") = "Messaging.Contracts.Shared", "Messaging.Contracts.Shared\Messaging.Contracts.Shared.csproj", "{035A4EFB-4E00-4924-9061-DFFC7511839B}"
EndProject
Project("{2150E333-8FDC-42A3-9474-1A3956D46DE8}") = "Databases", "Databases", "{1824F2F0-FD9D-46F8-A27E-D7C5EA06DBE5}"
EndProject
Project("{00D1A9C2-B5F0-4AF3-8072-F6C62B433612}") = "DB", "DB\DB.sqlproj", "{5E3F33B5-B102-4060-A8CC-2153A1716C4C}"
EndProject
Project("{2150E333-8FDC-42A3-9474-1A3956D46DE8}") = "Organizations", "Organizations", "{FE055E54-DCC4-4C4B-8205-9B7FA67B51EE}"
EndProject
Project("{2150E333-8FDC-42A3-9474-1A3956D46DE8}") = "Applications", "Applications", "{77CB3E2D-AD50-4EB4-9418-7BC31BB73366}"
EndProject
Project("{2150E333-8FDC-42A3-9474-1A3956D46DE8}") = "Contracts", "Contracts", "{244F5058-8B16-4023-AA2E-51387A3AD01B}"
EndProject
Project("{FAE04EC0-301F-11D3-BF4B-00C04F79EFBC}") = "Organization.Contracts", "Organization.Contracts\Organization.Contracts.csproj", "{933A36C3-330E-4A7C-9C6C-ADEAD1A4A6CD}"
EndProject
Project("{2150E333-8FDC-42A3-9474-1A3956D46DE8}") = "Users", "Users", "{358A4D15-F742-489C-9EC9-D636A2779432}"
EndProject
Project("{2150E333-8FDC-42A3-9474-1A3956D46DE8}") = "Applications", "Applications", "{CBA19C54-AE53-4CBC-BF4A-79F78ADD2CCC}"
EndProject
Project("{2150E333-8FDC-42A3-9474-1A3956D46DE8}") = "Contracts", "Contracts", "{547C3016-CA2F-4345-BA9C-72B2608F57AF}"
EndProject
Project("{FAE04EC0-301F-11D3-BF4B-00C04F79EFBC}") = "User.Contracts", "User.Contracts\User.Contracts.csproj", "{BD367BBE-7B9E-41F0-8CDD-3FBE080D1896}"
EndProject
Project("{FAE04EC0-301F-11D3-BF4B-00C04F79EFBC}") = "Organization.Applications", "Organization.Applications\Organization.Applications.csproj", "{FB3BF1C8-F2AB-4347-8145-88C5CA6A5398}"
EndProject
Project("{2150E333-8FDC-42A3-9474-1A3956D46DE8}") = "Infrastructures", "Infrastructures", "{EF01E2E4-BE10-4278-AEE1-36027509C11A}"
EndProject
Project("{FAE04EC0-301F-11D3-BF4B-00C04F79EFBC}") = "Organization.Infrastructures", "Organization.Infrastructures\Organization.Infrastructures.csproj", "{F6D82729-94FE-404A-B335-38AEDEC3839C}"
EndProject
Project("{2150E333-8FDC-42A3-9474-1A3956D46DE8}") = "Tests", "Tests", "{D1ABDDD4-6A02-4720-8BA9-A48B4157AA8A}"
EndProject
Project("{FAE04EC0-301F-11D3-BF4B-00C04F79EFBC}") = "Organization.Tests", "Organization.Tests\Organization.Tests.csproj", "{88AECA10-C655-441C-A36D-C1139CDE67CC}"
EndProject
Project("{2150E333-8FDC-42A3-9474-1A3956D46DE8}") = "Tools", "Tools", "{6674160C-4A56-4EA5-BBCA-949D18F5A035}"
EndProject
Project("{FAE04EC0-301F-11D3-BF4B-00C04F79EFBC}") = "AesHelper.Console", "AesHelper.Console\AesHelper.Console.csproj", "{8B82762E-2326-4D2E-AFF6-254D5CFF3DA3}"
EndProject
Project("{2150E333-8FDC-42A3-9474-1A3956D46DE8}") = "Infrastructures", "Infrastructures", "{4E244750-21E2-4204-A96B-D37AA082AF30}"
EndProject
Project("{FAE04EC0-301F-11D3-BF4B-00C04F79EFBC}") = "Users.Infrastructures", "Users.Infrastructures\Users.Infrastructures.csproj", "{1986100B-BAFE-4541-87A9-BB073D7EAA6E}"
EndProject
Project("{FAE04EC0-301F-11D3-BF4B-00C04F79EFBC}") = "User.Applications", "User.Applications\User.Applications.csproj", "{C2391501-07F2-41C9-AEDD-E9F371FCF062}"
EndProject
Global
	GlobalSection(SolutionConfigurationPlatforms) = preSolution
		Debug|Any CPU = Debug|Any CPU
		Release|Any CPU = Release|Any CPU
	EndGlobalSection
	GlobalSection(ProjectConfigurationPlatforms) = postSolution
		{D9AA31F5-B4A9-4F57-8C0C-9055D438055C}.Debug|Any CPU.ActiveCfg = Debug|Any CPU
		{D9AA31F5-B4A9-4F57-8C0C-9055D438055C}.Debug|Any CPU.Build.0 = Debug|Any CPU
		{D9AA31F5-B4A9-4F57-8C0C-9055D438055C}.Release|Any CPU.ActiveCfg = Release|Any CPU
		{D9AA31F5-B4A9-4F57-8C0C-9055D438055C}.Release|Any CPU.Build.0 = Release|Any CPU
		{BEA3149E-0964-46A1-9F4E-F93A919BE007}.Debug|Any CPU.ActiveCfg = Debug|Any CPU
		{BEA3149E-0964-46A1-9F4E-F93A919BE007}.Debug|Any CPU.Build.0 = Debug|Any CPU
		{BEA3149E-0964-46A1-9F4E-F93A919BE007}.Release|Any CPU.ActiveCfg = Release|Any CPU
		{BEA3149E-0964-46A1-9F4E-F93A919BE007}.Release|Any CPU.Build.0 = Release|Any CPU
		{11B8E3D1-7D0B-4D62-8EE8-D454058729A7}.Debug|Any CPU.ActiveCfg = Debug|Any CPU
		{11B8E3D1-7D0B-4D62-8EE8-D454058729A7}.Debug|Any CPU.Build.0 = Debug|Any CPU
		{11B8E3D1-7D0B-4D62-8EE8-D454058729A7}.Release|Any CPU.ActiveCfg = Release|Any CPU
		{11B8E3D1-7D0B-4D62-8EE8-D454058729A7}.Release|Any CPU.Build.0 = Release|Any CPU
		{6FF5C437-DD79-4174-ADCA-148FF4D3A8FF}.Debug|Any CPU.ActiveCfg = Debug|Any CPU
		{6FF5C437-DD79-4174-ADCA-148FF4D3A8FF}.Debug|Any CPU.Build.0 = Debug|Any CPU
		{6FF5C437-DD79-4174-ADCA-148FF4D3A8FF}.Release|Any CPU.ActiveCfg = Release|Any CPU
		{6FF5C437-DD79-4174-ADCA-148FF4D3A8FF}.Release|Any CPU.Build.0 = Release|Any CPU
		{94D80E38-D06A-4AA7-8734-0EFE246AEA31}.Debug|Any CPU.ActiveCfg = Debug|Any CPU
		{94D80E38-D06A-4AA7-8734-0EFE246AEA31}.Debug|Any CPU.Build.0 = Debug|Any CPU
		{94D80E38-D06A-4AA7-8734-0EFE246AEA31}.Release|Any CPU.ActiveCfg = Release|Any CPU
		{94D80E38-D06A-4AA7-8734-0EFE246AEA31}.Release|Any CPU.Build.0 = Release|Any CPU
		{035A4EFB-4E00-4924-9061-DFFC7511839B}.Debug|Any CPU.ActiveCfg = Debug|Any CPU
		{035A4EFB-4E00-4924-9061-DFFC7511839B}.Debug|Any CPU.Build.0 = Debug|Any CPU
		{035A4EFB-4E00-4924-9061-DFFC7511839B}.Release|Any CPU.ActiveCfg = Release|Any CPU
		{035A4EFB-4E00-4924-9061-DFFC7511839B}.Release|Any CPU.Build.0 = Release|Any CPU
		{5E3F33B5-B102-4060-A8CC-2153A1716C4C}.Debug|Any CPU.ActiveCfg = Debug|Any CPU
		{5E3F33B5-B102-4060-A8CC-2153A1716C4C}.Debug|Any CPU.Build.0 = Debug|Any CPU
		{5E3F33B5-B102-4060-A8CC-2153A1716C4C}.Debug|Any CPU.Deploy.0 = Debug|Any CPU
		{5E3F33B5-B102-4060-A8CC-2153A1716C4C}.Release|Any CPU.ActiveCfg = Release|Any CPU
		{5E3F33B5-B102-4060-A8CC-2153A1716C4C}.Release|Any CPU.Build.0 = Release|Any CPU
		{5E3F33B5-B102-4060-A8CC-2153A1716C4C}.Release|Any CPU.Deploy.0 = Release|Any CPU
		{933A36C3-330E-4A7C-9C6C-ADEAD1A4A6CD}.Debug|Any CPU.ActiveCfg = Debug|Any CPU
		{933A36C3-330E-4A7C-9C6C-ADEAD1A4A6CD}.Debug|Any CPU.Build.0 = Debug|Any CPU
		{933A36C3-330E-4A7C-9C6C-ADEAD1A4A6CD}.Release|Any CPU.ActiveCfg = Release|Any CPU
		{933A36C3-330E-4A7C-9C6C-ADEAD1A4A6CD}.Release|Any CPU.Build.0 = Release|Any CPU
		{BD367BBE-7B9E-41F0-8CDD-3FBE080D1896}.Debug|Any CPU.ActiveCfg = Debug|Any CPU
		{BD367BBE-7B9E-41F0-8CDD-3FBE080D1896}.Debug|Any CPU.Build.0 = Debug|Any CPU
		{BD367BBE-7B9E-41F0-8CDD-3FBE080D1896}.Release|Any CPU.ActiveCfg = Release|Any CPU
		{BD367BBE-7B9E-41F0-8CDD-3FBE080D1896}.Release|Any CPU.Build.0 = Release|Any CPU
		{FB3BF1C8-F2AB-4347-8145-88C5CA6A5398}.Debug|Any CPU.ActiveCfg = Debug|Any CPU
		{FB3BF1C8-F2AB-4347-8145-88C5CA6A5398}.Debug|Any CPU.Build.0 = Debug|Any CPU
		{FB3BF1C8-F2AB-4347-8145-88C5CA6A5398}.Release|Any CPU.ActiveCfg = Release|Any CPU
		{FB3BF1C8-F2AB-4347-8145-88C5CA6A5398}.Release|Any CPU.Build.0 = Release|Any CPU
		{F6D82729-94FE-404A-B335-38AEDEC3839C}.Debug|Any CPU.ActiveCfg = Debug|Any CPU
		{F6D82729-94FE-404A-B335-38AEDEC3839C}.Debug|Any CPU.Build.0 = Debug|Any CPU
		{F6D82729-94FE-404A-B335-38AEDEC3839C}.Release|Any CPU.ActiveCfg = Release|Any CPU
		{F6D82729-94FE-404A-B335-38AEDEC3839C}.Release|Any CPU.Build.0 = Release|Any CPU
		{88AECA10-C655-441C-A36D-C1139CDE67CC}.Debug|Any CPU.ActiveCfg = Debug|Any CPU
		{88AECA10-C655-441C-A36D-C1139CDE67CC}.Debug|Any CPU.Build.0 = Debug|Any CPU
		{88AECA10-C655-441C-A36D-C1139CDE67CC}.Release|Any CPU.ActiveCfg = Release|Any CPU
		{88AECA10-C655-441C-A36D-C1139CDE67CC}.Release|Any CPU.Build.0 = Release|Any CPU
		{8B82762E-2326-4D2E-AFF6-254D5CFF3DA3}.Debug|Any CPU.ActiveCfg = Debug|Any CPU
		{8B82762E-2326-4D2E-AFF6-254D5CFF3DA3}.Debug|Any CPU.Build.0 = Debug|Any CPU
		{8B82762E-2326-4D2E-AFF6-254D5CFF3DA3}.Release|Any CPU.ActiveCfg = Release|Any CPU
		{8B82762E-2326-4D2E-AFF6-254D5CFF3DA3}.Release|Any CPU.Build.0 = Release|Any CPU
		{1986100B-BAFE-4541-87A9-BB073D7EAA6E}.Debug|Any CPU.ActiveCfg = Debug|Any CPU
		{1986100B-BAFE-4541-87A9-BB073D7EAA6E}.Debug|Any CPU.Build.0 = Debug|Any CPU
		{1986100B-BAFE-4541-87A9-BB073D7EAA6E}.Release|Any CPU.ActiveCfg = Release|Any CPU
		{1986100B-BAFE-4541-87A9-BB073D7EAA6E}.Release|Any CPU.Build.0 = Release|Any CPU
		{C2391501-07F2-41C9-AEDD-E9F371FCF062}.Debug|Any CPU.ActiveCfg = Debug|Any CPU
		{C2391501-07F2-41C9-AEDD-E9F371FCF062}.Debug|Any CPU.Build.0 = Debug|Any CPU
		{C2391501-07F2-41C9-AEDD-E9F371FCF062}.Release|Any CPU.ActiveCfg = Release|Any CPU
		{C2391501-07F2-41C9-AEDD-E9F371FCF062}.Release|Any CPU.Build.0 = Release|Any CPU
	EndGlobalSection
	GlobalSection(SolutionProperties) = preSolution
		HideSolutionNode = FALSE
	EndGlobalSection
	GlobalSection(NestedProjects) = preSolution
		{65A1C6F3-27E4-4B33-A69C-5A873BC87E22} = {5C21789B-B5E2-4A04-92A7-5FD0E52F3C17}
		{1B59FF55-71AC-45B4-A4E7-8E3873F0CD16} = {5C21789B-B5E2-4A04-92A7-5FD0E52F3C17}
		{B64F01E4-CAA4-4F0C-B1FF-3913B4B0C58B} = {5C21789B-B5E2-4A04-92A7-5FD0E52F3C17}
		{D9AA31F5-B4A9-4F57-8C0C-9055D438055C} = {A26FF7F1-E9B1-4B5C-82E2-86D7B3034F0D}
		{BEA3149E-0964-46A1-9F4E-F93A919BE007} = {1BCB5C0B-E2D2-4892-B2B5-7F92CA9E3416}
		{11B8E3D1-7D0B-4D62-8EE8-D454058729A7} = {6273EA4F-B3CC-4839-A132-2DE20C784070}
		{6FF5C437-DD79-4174-ADCA-148FF4D3A8FF} = {49BE9D95-646D-436D-BB42-6F5A2874A0E8}
		{1BCB5C0B-E2D2-4892-B2B5-7F92CA9E3416} = {B64F01E4-CAA4-4F0C-B1FF-3913B4B0C58B}
		{6273EA4F-B3CC-4839-A132-2DE20C784070} = {B64F01E4-CAA4-4F0C-B1FF-3913B4B0C58B}
		{A26FF7F1-E9B1-4B5C-82E2-86D7B3034F0D} = {65A1C6F3-27E4-4B33-A69C-5A873BC87E22}
		{49BE9D95-646D-436D-BB42-6F5A2874A0E8} = {65A1C6F3-27E4-4B33-A69C-5A873BC87E22}
		{FD76122B-A8B9-4746-B2C7-F8DEFC7077E3} = {5C21789B-B5E2-4A04-92A7-5FD0E52F3C17}
		{94D80E38-D06A-4AA7-8734-0EFE246AEA31} = {FD76122B-A8B9-4746-B2C7-F8DEFC7077E3}
		{67A567DB-816F-45FA-89EF-C2546ECE2388} = {B64F01E4-CAA4-4F0C-B1FF-3913B4B0C58B}
		{035A4EFB-4E00-4924-9061-DFFC7511839B} = {67A567DB-816F-45FA-89EF-C2546ECE2388}
		{1824F2F0-FD9D-46F8-A27E-D7C5EA06DBE5} = {5C21789B-B5E2-4A04-92A7-5FD0E52F3C17}
		{5E3F33B5-B102-4060-A8CC-2153A1716C4C} = {1824F2F0-FD9D-46F8-A27E-D7C5EA06DBE5}
		{FE055E54-DCC4-4C4B-8205-9B7FA67B51EE} = {1B59FF55-71AC-45B4-A4E7-8E3873F0CD16}
		{77CB3E2D-AD50-4EB4-9418-7BC31BB73366} = {FE055E54-DCC4-4C4B-8205-9B7FA67B51EE}
		{244F5058-8B16-4023-AA2E-51387A3AD01B} = {FE055E54-DCC4-4C4B-8205-9B7FA67B51EE}
		{933A36C3-330E-4A7C-9C6C-ADEAD1A4A6CD} = {244F5058-8B16-4023-AA2E-51387A3AD01B}
		{358A4D15-F742-489C-9EC9-D636A2779432} = {1B59FF55-71AC-45B4-A4E7-8E3873F0CD16}
		{CBA19C54-AE53-4CBC-BF4A-79F78ADD2CCC} = {358A4D15-F742-489C-9EC9-D636A2779432}
		{547C3016-CA2F-4345-BA9C-72B2608F57AF} = {358A4D15-F742-489C-9EC9-D636A2779432}
		{BD367BBE-7B9E-41F0-8CDD-3FBE080D1896} = {547C3016-CA2F-4345-BA9C-72B2608F57AF}
		{FB3BF1C8-F2AB-4347-8145-88C5CA6A5398} = {77CB3E2D-AD50-4EB4-9418-7BC31BB73366}
		{EF01E2E4-BE10-4278-AEE1-36027509C11A} = {FE055E54-DCC4-4C4B-8205-9B7FA67B51EE}
		{F6D82729-94FE-404A-B335-38AEDEC3839C} = {EF01E2E4-BE10-4278-AEE1-36027509C11A}
		{D1ABDDD4-6A02-4720-8BA9-A48B4157AA8A} = {FE055E54-DCC4-4C4B-8205-9B7FA67B51EE}
		{88AECA10-C655-441C-A36D-C1139CDE67CC} = {D1ABDDD4-6A02-4720-8BA9-A48B4157AA8A}
		{6674160C-4A56-4EA5-BBCA-949D18F5A035} = {B64F01E4-CAA4-4F0C-B1FF-3913B4B0C58B}
		{8B82762E-2326-4D2E-AFF6-254D5CFF3DA3} = {6674160C-4A56-4EA5-BBCA-949D18F5A035}
		{4E244750-21E2-4204-A96B-D37AA082AF30} = {358A4D15-F742-489C-9EC9-D636A2779432}
		{1986100B-BAFE-4541-87A9-BB073D7EAA6E} = {4E244750-21E2-4204-A96B-D37AA082AF30}
		{C2391501-07F2-41C9-AEDD-E9F371FCF062} = {CBA19C54-AE53-4CBC-BF4A-79F78ADD2CCC}
	EndGlobalSection
EndGlobal
